
Microsoft Visual Studio Solution File, Format Version 12.00
Project("{FAE04EC0-301F-11D3-BF4B-00C04F79EFBC}") = "RazorPage", "RazorPage\RazorPage.csproj", "{05E01ABC-2607-42FA-AABA-4B4D37B51F15}"
EndProject
Project("{FAE04EC0-301F-11D3-BF4B-00C04F79EFBC}") = "MyShop", "..\MyShop\MyShop.csproj", "{36752C11-50E1-4A05-B8F7-D922D3D6578A}"
EndProject
Global
	GlobalSection(SolutionConfigurationPlatforms) = preSolution
		Debug|Any CPU = Debug|Any CPU
		Release|Any CPU = Release|Any CPU
	EndGlobalSection
	GlobalSection(ProjectConfigurationPlatforms) = postSolution
		{05E01ABC-2607-42FA-AABA-4B4D37B51F15}.Debug|Any CPU.ActiveCfg = Debug|Any CPU
		{05E01ABC-2607-42FA-AABA-4B4D37B51F15}.Debug|Any CPU.Build.0 = Debug|Any CPU
		{05E01ABC-2607-42FA-AABA-4B4D37B51F15}.Release|Any CPU.ActiveCfg = Release|Any CPU
		{05E01ABC-2607-42FA-AABA-4B4D37B51F15}.Release|Any CPU.Build.0 = Release|Any CPU
		{36752C11-50E1-4A05-B8F7-D922D3D6578A}.Debug|Any CPU.ActiveCfg = Debug|Any CPU
		{36752C11-50E1-4A05-B8F7-D922D3D6578A}.Debug|Any CPU.Build.0 = Debug|Any CPU
		{36752C11-50E1-4A05-B8F7-D922D3D6578A}.Release|Any CPU.ActiveCfg = Release|Any CPU
		{36752C11-50E1-4A05-B8F7-D922D3D6578A}.Release|Any CPU.Build.0 = Release|Any CPU
	EndGlobalSection
EndGlobal
